
Microsoft Visual Studio Solution File, Format Version 12.00
# Visual Studio Version 16
VisualStudioVersion = 16.0.30804.86
MinimumVisualStudioVersion = 10.0.40219.1
Project("{9A19103F-16F7-4668-BE54-9A1E7A4F7556}") = "AddressBook.Api", "AddressBook\AddressBook.Api.csproj", "{01C63337-9228-4234-9E26-98C44EFF20ED}"
EndProject
Project("{2150E333-8FDC-42A3-9474-1A3956D46DE8}") = "01. Docs", "01. Docs", "{79700C69-A4BD-4ABF-BEC8-3B1E319C7862}"
EndProject
Project("{2150E333-8FDC-42A3-9474-1A3956D46DE8}") = "03. Domain", "03. Domain", "{8B067061-D7D2-4C9B-B53B-98ABFBE6CE14}"
EndProject
Project("{2150E333-8FDC-42A3-9474-1A3956D46DE8}") = "04. DataAccess", "04. DataAccess", "{7382B4CF-B460-4AF3-9318-5F9A80BB8513}"
EndProject
Project("{2150E333-8FDC-42A3-9474-1A3956D46DE8}") = "05. Business", "05. Business", "{BF3BE8A4-EBCA-49C5-B9DB-5163A5FE27F2}"
EndProject
Project("{2150E333-8FDC-42A3-9474-1A3956D46DE8}") = "06. Tests", "06. Tests", "{9E73FFB4-4972-41C4-88F3-D2D377FB7DC3}"
EndProject
Project("{9A19103F-16F7-4668-BE54-9A1E7A4F7556}") = "AddressBook.Domain", "AddressBook.Domain\AddressBook.Domain.csproj", "{09E9BCD0-4A8B-49A0-BA78-FA58D79A5FEA}"
EndProject
Project("{2150E333-8FDC-42A3-9474-1A3956D46DE8}") = "02. Common", "02. Common", "{C6D9566A-8AE9-434B-9DFB-62D045EF7ACF}"
EndProject
Project("{9A19103F-16F7-4668-BE54-9A1E7A4F7556}") = "AddressBook.Common", "AddressBook.Common\AddressBook.Common.csproj", "{C6CEFC7F-BB39-4EF0-8D91-571BA250C06D}"
EndProject
Project("{9A19103F-16F7-4668-BE54-9A1E7A4F7556}") = "AddressBook.DataAccess", "AddressBook.DataAccess\AddressBook.DataAccess.csproj", "{679F04AD-2A70-4482-B143-EC880998E701}"
EndProject
Project("{2150E333-8FDC-42A3-9474-1A3956D46DE8}") = "00. Docs", "00. Docs", "{95CE1F6B-6E28-4088-BE7C-664A2DF6F108}"
	ProjectSection(SolutionItems) = preProject
		README.md = README.md
	EndProjectSection
EndProject
Global
	GlobalSection(SolutionConfigurationPlatforms) = preSolution
		Debug|Any CPU = Debug|Any CPU
		Release|Any CPU = Release|Any CPU
	EndGlobalSection
	GlobalSection(ProjectConfigurationPlatforms) = postSolution
		{01C63337-9228-4234-9E26-98C44EFF20ED}.Debug|Any CPU.ActiveCfg = Debug|Any CPU
		{01C63337-9228-4234-9E26-98C44EFF20ED}.Debug|Any CPU.Build.0 = Debug|Any CPU
		{01C63337-9228-4234-9E26-98C44EFF20ED}.Release|Any CPU.ActiveCfg = Release|Any CPU
		{01C63337-9228-4234-9E26-98C44EFF20ED}.Release|Any CPU.Build.0 = Release|Any CPU
		{09E9BCD0-4A8B-49A0-BA78-FA58D79A5FEA}.Debug|Any CPU.ActiveCfg = Debug|Any CPU
		{09E9BCD0-4A8B-49A0-BA78-FA58D79A5FEA}.Debug|Any CPU.Build.0 = Debug|Any CPU
		{09E9BCD0-4A8B-49A0-BA78-FA58D79A5FEA}.Release|Any CPU.ActiveCfg = Release|Any CPU
		{09E9BCD0-4A8B-49A0-BA78-FA58D79A5FEA}.Release|Any CPU.Build.0 = Release|Any CPU
		{C6CEFC7F-BB39-4EF0-8D91-571BA250C06D}.Debug|Any CPU.ActiveCfg = Debug|Any CPU
		{C6CEFC7F-BB39-4EF0-8D91-571BA250C06D}.Debug|Any CPU.Build.0 = Debug|Any CPU
		{C6CEFC7F-BB39-4EF0-8D91-571BA250C06D}.Release|Any CPU.ActiveCfg = Release|Any CPU
		{C6CEFC7F-BB39-4EF0-8D91-571BA250C06D}.Release|Any CPU.Build.0 = Release|Any CPU
		{679F04AD-2A70-4482-B143-EC880998E701}.Debug|Any CPU.ActiveCfg = Debug|Any CPU
		{679F04AD-2A70-4482-B143-EC880998E701}.Debug|Any CPU.Build.0 = Debug|Any CPU
		{679F04AD-2A70-4482-B143-EC880998E701}.Release|Any CPU.ActiveCfg = Release|Any CPU
		{679F04AD-2A70-4482-B143-EC880998E701}.Release|Any CPU.Build.0 = Release|Any CPU
	EndGlobalSection
	GlobalSection(SolutionProperties) = preSolution
		HideSolutionNode = FALSE
	EndGlobalSection
	GlobalSection(NestedProjects) = preSolution
		{09E9BCD0-4A8B-49A0-BA78-FA58D79A5FEA} = {8B067061-D7D2-4C9B-B53B-98ABFBE6CE14}
		{C6CEFC7F-BB39-4EF0-8D91-571BA250C06D} = {C6D9566A-8AE9-434B-9DFB-62D045EF7ACF}
		{679F04AD-2A70-4482-B143-EC880998E701} = {7382B4CF-B460-4AF3-9318-5F9A80BB8513}
	EndGlobalSection
	GlobalSection(ExtensibilityGlobals) = postSolution
		SolutionGuid = {77CF0499-4FFB-434F-83B6-793C46C4674B}
	EndGlobalSection
EndGlobal
